
Microsoft Visual Studio Solution File, Format Version 12.00
# Visual Studio 15
VisualStudioVersion = 15.0.28307.489
MinimumVisualStudioVersion = 10.0.40219.1
Project("{8BC9CEB8-8B4A-11D0-8D11-00A0C91BC942}") = "dian1", "dian1\dian1.vcxproj", "{BC10B941-86E4-4595-A7E1-BAD0E83DDC39}"
EndProject
Global
	GlobalSection(SolutionConfigurationPlatforms) = preSolution
		Debug|x64 = Debug|x64
		Debug|x86 = Debug|x86
		Release|x64 = Release|x64
		Release|x86 = Release|x86
	EndGlobalSection
	GlobalSection(ProjectConfigurationPlatforms) = postSolution
		{BC10B941-86E4-4595-A7E1-BAD0E83DDC39}.Debug|x64.ActiveCfg = Debug|x64
		{BC10B941-86E4-4595-A7E1-BAD0E83DDC39}.Debug|x64.Build.0 = Debug|x64
		{BC10B941-86E4-4595-A7E1-BAD0E83DDC39}.Debug|x86.ActiveCfg = Debug|Win32
		{BC10B941-86E4-4595-A7E1-BAD0E83DDC39}.Debug|x86.Build.0 = Debug|Win32
		{BC10B941-86E4-4595-A7E1-BAD0E83DDC39}.Release|x64.ActiveCfg = Release|x64
		{BC10B941-86E4-4595-A7E1-BAD0E83DDC39}.Release|x64.Build.0 = Release|x64
		{BC10B941-86E4-4595-A7E1-BAD0E83DDC39}.Release|x86.ActiveCfg = Release|Win32
		{BC10B941-86E4-4595-A7E1-BAD0E83DDC39}.Release|x86.Build.0 = Release|Win32
	EndGlobalSection
	GlobalSection(SolutionProperties) = preSolution
		HideSolutionNode = FALSE
	EndGlobalSection
	GlobalSection(ExtensibilityGlobals) = postSolution
		SolutionGuid = {1FBB2AA5-6057-4686-8306-22DD00C3F0FE}
	EndGlobalSection
EndGlobal
